{
  "name": "css-random-polyfill",
  "version": "0.1.10",
  "lockfileVersion": 3,
  "requires": true,
  "packages": {
    "": {
      "name": "css-random-polyfill",
      "version": "0.1.10",
      "license": "MIT",
      "dependencies": {
        "@csstools/css-calc": "3.2.1"
      }
    },
    "node_modules/@csstools/css-calc": {
      "version": "3.2.1",
      "resolved": "https://registry.npmjs.org/@csstools/css-calc/-/css-calc-3.2.1.tgz",
      "integrity": "sha512-DtdHlgXh5ZkA43cwBcAm+huzgJiwx3ZTWVjBs94kwz2xKqSimDA3lBgCjphYgwgVUMWatSM0pDd8TILB1yrVVg==",
      "funding": [
        {
          "type": "github",
          "url": "https://github.com/sponsors/csstools"
        },
        {
          "type": "opencollective",
          "url": "https://opencollective.com/csstools"
        }
      ],
      "license": "MIT",
      "engines": {
        "node": ">=20.19.0"
      },
      "peerDependencies": {
        "@csstools/css-parser-algorithms": "^4.0.0",
        "@csstools/css-tokenizer": "^4.0.0"
      }
    },
    "node_modules/@csstools/css-parser-algorithms": {
      "version": "4.0.0",
      "funding": [
        {
          "type": "github",
          "url": "https://github.com/sponsors/csstools"
        },
        {
          "type": "opencollective",
          "url": "https://opencollective.com/csstools"
        }
      ],
      "license": "MIT",
      "peer": true,
      "engines": {
        "node": ">=20.19.0"
      },
      "peerDependencies": {
        "@csstools/css-tokenizer": "^4.0.0"
      }
    },
    "node_modules/@csstools/css-tokenizer": {
      "version": "4.0.0",
      "funding": [
        {
          "type": "github",
          "url": "https://github.com/sponsors/csstools"
        },
        {
          "type": "opencollective",
          "url": "https://opencollective.com/csstools"
        }
      ],
      "license": "MIT",
      "peer": true,
      "engines": {
        "node": ">=20.19.0"
      }
    }
  }
}
